<?xml version="1.0" encoding="utf-8"?>
<Project ToolsVersion="15.0" xmlns="http://schemas.microsoft.com/developer/msbuild/2003">
  <ItemGroup>
    <CustomBuild Include="C:\Users\lbruc\OneDrive\Desktop\Spirit\SOHL-1.9\HLEnhanced\vs\CMakeFiles\9c1117761c8d4e61aefa18d20d86bc1a\generate.stamp.rule">
      <Filter>CMake Rules</Filter>
    </CustomBuild>
  </ItemGroup>
  <ItemGroup>
    <Filter Include="CMake Rules">
      <UniqueIdentifier>{CF36E402-F744-3C81-8557-7AB84570EBE4}</UniqueIdentifier>
    </Filter>
  </ItemGroup>
</Project>
